
Microsoft Visual Studio Solution File, Format Version 12.00
Project("{FAE04EC0-301F-11D3-BF4B-00C04F79EFBC}") = "CardGameExercise.Tests", "CardGameExercise.Tests\CardGameExercise.Tests.csproj", "{22AA210E-BF9F-46B1-837C-DFCA7DA5AD30}"
EndProject
Project("{FAE04EC0-301F-11D3-BF4B-00C04F79EFBC}") = "CardGameExercise", "CardGameExercise\CardGameExercise.csproj", "{68442B0D-C9D2-44ED-A5DA-E01FAF87FBBB}"
EndProject
Project("{FAE04EC0-301F-11D3-BF4B-00C04F79EFBC}") = "CardGameExercise.CUI", "CardGameExercise.CUI\CardGameExercise.CUI.csproj", "{69CD15AC-C1A7-4AAE-8DF4-65FFBA9069F1}"
EndProject
Project("{FAE04EC0-301F-11D3-BF4B-00C04F79EFBC}") = "CardGameExercise.GUI", "CardGameExercise.GUI\CardGameExercise.GUI.csproj", "{4EBC29B6-B6BC-4486-B625-17EACB511E69}"
EndProject
Global
	GlobalSection(SolutionConfigurationPlatforms) = preSolution
		Debug|Any CPU = Debug|Any CPU
		Release|Any CPU = Release|Any CPU
	EndGlobalSection
	GlobalSection(ProjectConfigurationPlatforms) = postSolution
		{22AA210E-BF9F-46B1-837C-DFCA7DA5AD30}.Debug|Any CPU.ActiveCfg = Debug|Any CPU
		{22AA210E-BF9F-46B1-837C-DFCA7DA5AD30}.Debug|Any CPU.Build.0 = Debug|Any CPU
		{22AA210E-BF9F-46B1-837C-DFCA7DA5AD30}.Release|Any CPU.ActiveCfg = Release|Any CPU
		{22AA210E-BF9F-46B1-837C-DFCA7DA5AD30}.Release|Any CPU.Build.0 = Release|Any CPU
		{68442B0D-C9D2-44ED-A5DA-E01FAF87FBBB}.Debug|Any CPU.ActiveCfg = Debug|Any CPU
		{68442B0D-C9D2-44ED-A5DA-E01FAF87FBBB}.Debug|Any CPU.Build.0 = Debug|Any CPU
		{68442B0D-C9D2-44ED-A5DA-E01FAF87FBBB}.Release|Any CPU.ActiveCfg = Release|Any CPU
		{68442B0D-C9D2-44ED-A5DA-E01FAF87FBBB}.Release|Any CPU.Build.0 = Release|Any CPU
		{69CD15AC-C1A7-4AAE-8DF4-65FFBA9069F1}.Debug|Any CPU.ActiveCfg = Debug|Any CPU
		{69CD15AC-C1A7-4AAE-8DF4-65FFBA9069F1}.Debug|Any CPU.Build.0 = Debug|Any CPU
		{69CD15AC-C1A7-4AAE-8DF4-65FFBA9069F1}.Release|Any CPU.ActiveCfg = Release|Any CPU
		{69CD15AC-C1A7-4AAE-8DF4-65FFBA9069F1}.Release|Any CPU.Build.0 = Release|Any CPU
		{4EBC29B6-B6BC-4486-B625-17EACB511E69}.Debug|Any CPU.ActiveCfg = Debug|Any CPU
		{4EBC29B6-B6BC-4486-B625-17EACB511E69}.Debug|Any CPU.Build.0 = Debug|Any CPU
		{4EBC29B6-B6BC-4486-B625-17EACB511E69}.Release|Any CPU.ActiveCfg = Release|Any CPU
		{4EBC29B6-B6BC-4486-B625-17EACB511E69}.Release|Any CPU.Build.0 = Release|Any CPU
	EndGlobalSection
EndGlobal
